# This file is autogenerated, do not edit; changes may be undone by the next 'dep ensure'.


[[projects]]
  branch = "master"
  name = "github.com/sparrc/go-ping"
  packages = ["."]
  revision = "416e72114cd1edce2f287648f935a60dfe6cf40e"

[[projects]]
  branch = "master"
  name = "golang.org/x/net"
  packages = ["bpf","icmp","internal/iana","internal/socket","ipv4","ipv6"]
  revision = "5ccada7d0a7ba9aeb5d3aca8d3501b4c2a509fec"

[solve-meta]
  analyzer-name = "dep"
  analyzer-version = 1
  inputs-digest = "006069958e871f66f04c06309ac4b6c95c0c285b5850f212b2b6ab6206aeb9bd"
  solver-name = "gps-cdcl"
  solver-version = 1
